// !$*UTF8*$!
{
	archiveVersion = 1;
	classes = {
	};
	objectVersion = 50;
	objects = {

/* Begin PBXBuildFile section */
		C2D6AF7324B2988700813CAD /* AppDelegate.swift in Sources */ = {isa = PBXBuildFile; fileRef = C2D6AF7224B2988700813CAD /* AppDelegate.swift */; };
		C2D6AF7524B2988700813CAD /* SceneDelegate.swift in Sources */ = {isa = PBXBuildFile; fileRef = C2D6AF7424B2988700813CAD /* SceneDelegate.swift */; };
		C2D6AF7724B2988700813CAD /* ViewController.swift in Sources */ = {isa = PBXBuildFile; fileRef = C2D6AF7624B2988700813CAD /* ViewController.swift */; };
		C2D6AF7A24B2988700813CAD /* Main.storyboard in Resources */ = {isa = PBXBuildFile; fileRef = C2D6AF7824B2988700813CAD /* Main.storyboard */; };
		C2D6AF7C24B2988D00813CAD /* Assets.xcassets in Resources */ = {isa = PBXBuildFile; fileRef = C2D6AF7B24B2988D00813CAD /* Assets.xcassets */; };
		C2D6AF7F24B2988D00813CAD /* LaunchScreen.storyboard in Resources */ = {isa = PBXBuildFile; fileRef = C2D6AF7D24B2988D00813CAD /* LaunchScreen.storyboard */; };
		C2D6AF8824B2A21700813CAD /* HarryPotterTableVc.swift in Sources */ = {isa = PBXBuildFile; fileRef = C2D6AF8724B2A21700813CAD /* HarryPotterTableVc.swift */; };
		C2D6AF8B24B2A65900813CAD /* MoviesDataModel.swift in Sources */ = {isa = PBXBuildFile; fileRef = C2D6AF8A24B2A65900813CAD /* MoviesDataModel.swift */; };
/* End PBXBuildFile section */

/* Begin PBXFileReference section */
		C2D6AF6F24B2988700813CAD /* Harry Potter.app */ = {isa = PBXFileReference; explicitFileType = wrapper.application; includeInIndex = 0; path = "Harry Potter.app"; sourceTree = BUILT_PRODUCTS_DIR; };
		C2D6AF7224B2988700813CAD /* AppDelegate.swift */ = {isa = PBXFileReference; lastKnownFileType = sourcecode.swift; path = AppDelegate.swift; sourceTree = "<group>"; };
		C2D6AF7424B2988700813CAD /* SceneDelegate.swift */ = {isa = PBXFileReference; lastKnownFileType = sourcecode.swift; path = SceneDelegate.swift; sourceTree = "<group>"; };
		C2D6AF7624B2988700813CAD /* ViewController.swift */ = {isa = PBXFileReference; lastKnownFileType = sourcecode.swift; path = ViewController.swift; sourceTree = "<group>"; };
		C2D6AF7924B2988700813CAD /* Base */ = {isa = PBXFileReference; lastKnownFileType = file.storyboard; name = Base; path = Base.lproj/Main.storyboard; sourceTree = "<group>"; };
		C2D6AF7B24B2988D00813CAD /* Assets.xcassets */ = {isa = PBXFileReference; lastKnownFileType = folder.assetcatalog; path = Assets.xcassets; sourceTree = "<group>"; };
		C2D6AF7E24B2988D00813CAD /* Base */ = {isa = PBXFileReference; lastKnownFileType = file.storyboard; name = Base; path = Base.lproj/LaunchScreen.storyboard; sourceTree = "<group>"; };
		C2D6AF8024B2988D00813CAD /* Info.plist */ = {isa = PBXFileReference; lastKnownFileType = text.plist.xml; path = Info.plist; sourceTree = "<group>"; };
		C2D6AF8724B2A21700813CAD /* HarryPotterTableVc.swift */ = {isa = PBXFileReference; lastKnownFileType = sourcecode.swift; path = HarryPotterTableVc.swift; sourceTree = "<group>"; };
		C2D6AF8A24B2A65900813CAD /* MoviesDataModel.swift */ = {isa = PBXFileReference; lastKnownFileType = sourcecode.swift; path = MoviesDataModel.swift; sourceTree = "<group>"; };
/* End PBXFileReference section */

/* Begin PBXFrameworksBuildPhase section */
		C2D6AF6C24B2988700813CAD /* Frameworks */ = {
			isa = PBXFrameworksBuildPhase;
			buildActionMask = 2147483647;
			files = (
			);
			runOnlyForDeploymentPostprocessing = 0;
		};
/* End PBXFrameworksBuildPhase section */

/* Begin PBXGroup section */
		C2D6AF6624B2988700813CAD = {
			isa = PBXGroup;
			children = (
				C2D6AF7124B2988700813CAD /* Harry Potter */,
				C2D6AF7024B2988700813CAD /* Products */,
			);
			sourceTree = "<group>";
		};
		C2D6AF7024B2988700813CAD /* Products */ = {
			isa = PBXGroup;
			children = (
				C2D6AF6F24B2988700813CAD /* Harry Potter.app */,
			);
			name = Products;
			sourceTree = "<group>";
		};
		C2D6AF7124B2988700813CAD /* Harry Potter */ = {
			isa = PBXGroup;
			children = (
				C2D6AF7224B2988700813CAD /* AppDelegate.swift */,
				C2D6AF7424B2988700813CAD /* SceneDelegate.swift */,
				C2D6AF7624B2988700813CAD /* ViewController.swift */,
				C2D6AF8924B2A60400813CAD /* model */,
				C2D6AF8624B29C3A00813CAD /* storyboard */,
				C2D6AF7B24B2988D00813CAD /* Assets.xcassets */,
				C2D6AF7D24B2988D00813CAD /* LaunchScreen.storyboard */,
				C2D6AF8724B2A21700813CAD /* HarryPotterTableVc.swift */,
				C2D6AF8024B2988D00813CAD /* Info.plist */,
			);
			path = "Harry Potter";
			sourceTree = "<group>";
		};
		C2D6AF8624B29C3A00813CAD /* storyboard */ = {
			isa = PBXGroup;
			children = (
				C2D6AF7824B2988700813CAD /* Main.storyboard */,
			);
			path = storyboard;
			sourceTree = "<group>";
		};
		C2D6AF8924B2A60400813CAD /* model */ = {
			isa = PBXGroup;
			children = (
				C2D6AF8A24B2A65900813CAD /* MoviesDataModel.swift */,
			);
			path = model;
			sourceTree = "<group>";
		};
/* End PBXGroup section */

/* Begin PBXNativeTarget section */
		C2D6AF6E24B2988700813CAD /* Harry Potter */ = {
			isa = PBXNativeTarget;
			buildConfigurationList = C2D6AF8324B2988D00813CAD /* Build configuration list for PBXNativeTarget "Harry Potter" */;
			buildPhases = (
				C2D6AF6B24B2988700813CAD /* Sources */,
				C2D6AF6C24B2988700813CAD /* Frameworks */,
				C2D6AF6D24B2988700813CAD /* Resources */,
			);
			buildRules = (
			);
			dependencies = (
			);
			name = "Harry Potter";
			productName = "Harry Potter";
			productReference = C2D6AF6F24B2988700813CAD /* Harry Potter.app */;
			productType = "com.apple.product-type.application";
		};
/* End PBXNativeTarget section */

/* Begin PBXProject section */
		C2D6AF6724B2988700813CAD /* Project object */ = {
			isa = PBXProject;
			attributes = {
				LastSwiftUpdateCheck = 1150;
				LastUpgradeCheck = 1150;
				ORGANIZATIONNAME = modhialb;
				TargetAttributes = {
					C2D6AF6E24B2988700813CAD = {
						CreatedOnToolsVersion = 11.5;
					};
				};
			};
			buildConfigurationList = C2D6AF6A24B2988700813CAD /* Build configuration list for PBXProject "lllll" */;
			compatibilityVersion = "Xcode 9.3";
			developmentRegion = en;
			hasScannedForEncodings = 0;
			knownRegions = (
				en,
				Base,
			);
			mainGroup = C2D6AF6624B2988700813CAD;
			productRefGroup = C2D6AF7024B2988700813CAD /* Products */;
			projectDirPath = "";
			projectRoot = "";
			targets = (
				C2D6AF6E24B2988700813CAD /* Harry Potter */,
			);
		};
/* End PBXProject section */

/* Begin PBXResourcesBuildPhase section */
		C2D6AF6D24B2988700813CAD /* Resources */ = {
			isa = PBXResourcesBuildPhase;
			buildActionMask = 2147483647;
			files = (
				C2D6AF7F24B2988D00813CAD /* LaunchScreen.storyboard in Resources */,
				C2D6AF7C24B2988D00813CAD /* Assets.xcassets in Resources */,
				C2D6AF7A24B2988700813CAD /* Main.storyboard in Resources */,
			);
			runOnlyForDeploymentPostprocessing = 0;
		};
/* End PBXResourcesBuildPhase section */

/* Begin PBXSourcesBuildPhase section */
		C2D6AF6B24B2988700813CAD /* Sources */ = {
			isa = PBXSourcesBuildPhase;
			buildActionMask = 2147483647;
			files = (
				C2D6AF8824B2A21700813CAD /* HarryPotterTableVc.swift in Sources */,
				C2D6AF8B24B2A65900813CAD /* MoviesDataModel.swift in Sources */,
				C2D6AF7724B2988700813CAD /* ViewController.swift in Sources */,
				C2D6AF7324B2988700813CAD /* AppDelegate.swift in Sources */,
				C2D6AF7524B2988700813CAD /* SceneDelegate.swift in Sources */,
			);
			runOnlyForDeploymentPostprocessing = 0;
		};
/* End PBXSourcesBuildPhase section */

/* Begin PBXVariantGroup section */
		C2D6AF7824B2988700813CAD /* Main.storyboard */ = {
			isa = PBXVariantGroup;
			children = (
				C2D6AF7924B2988700813CAD /* Base */,
			);
			name = Main.storyboard;
			sourceTree = "<group>";
		};
		C2D6AF7D24B2988D00813CAD /* LaunchScreen.storyboard */ = {
			isa = PBXVariantGroup;
			children = (
				C2D6AF7E24B2988D00813CAD /* Base */,
			);
			name = LaunchScreen.storyboard;
			sourceTree = "<group>";
		};
/* End PBXVariantGroup section */

/* Begin XCBuildConfiguration section */
		C2D6AF8124B2988D00813CAD /* Debug */ = {
			isa = XCBuildConfiguration;
			buildSettings = {
				ALWAYS_SEARCH_USER_PATHS = NO;
				CLANG_ANALYZER_NONNULL = YES;
				CLANG_ANALYZER_NUMBER_OBJECT_CONVERSION = YES_AGGRESSIVE;
				CLANG_CXX_LANGUAGE_STANDARD = "gnu++14";
				CLANG_CXX_LIBRARY = "libc++";
				CLANG_ENABLE_MODULES = YES;
				CLANG_ENABLE_OBJC_ARC = YES;
				CLANG_ENABLE_OBJC_WEAK = YES;
				CLANG_WARN_BLOCK_CAPTURE_AUTORELEASING = YES;
				CLANG_WARN_BOOL_CONVERSION = YES;
				CLANG_WARN_COMMA = YES;
				CLANG_WARN_CONSTANT_CONVERSION = YES;
				CLANG_WARN_DEPRECATED_OBJC_IMPLEMENTATIONS = YES;
				CLANG_WARN_DIRECT_OBJC_ISA_USAGE = YES_ERROR;
				CLANG_WARN_DOCUMENTATION_COMMENTS = YES;
				CLANG_WARN_EMPTY_BODY = YES;
				CLANG_WARN_ENUM_CONVERSION = YES;
				CLANG_WARN_INFINITE_RECURSION = YES;
				CLANG_WARN_INT_CONVERSION = YES;
				CLANG_WARN_NON_LITERAL_NULL_CONVERSION = YES;
				CLANG_WARN_OBJC_IMPLICIT_RETAIN_SELF = YES;
				CLANG_WARN_OBJC_LITERAL_CONVERSION = YES;
				CLANG_WARN_OBJC_ROOT_CLASS = YES_ERROR;
				CLANG_WARN_RANGE_LOOP_ANALYSIS = YES;
				CLANG_WARN_STRICT_PROTOTYPES = YES;
				CLANG_WARN_SUSPICIOUS_MOVE = YES;
				CLANG_WARN_UNGUARDED_AVAILABILITY = YES_AGGRESSIVE;
				CLANG_WARN_UNREACHABLE_CODE = YES;
				CLANG_WARN__DUPLICATE_METHOD_MATCH = YES;
				COPY_PHASE_STRIP = NO;
				DEBUG_INFORMATION_FORMAT = dwarf;
				ENABLE_STRICT_OBJC_MSGSEND = YES;
				ENABLE_TESTABILITY = YES;
				GCC_C_LANGUAGE_STANDARD = gnu11;
				GCC_DYNAMIC_NO_PIC = NO;
				GCC_NO_COMMON_BLOCKS = YES;
				GCC_OPTIMIZATION_LEVEL = 0;
				GCC_PREPROCESSOR_DEFINITIONS = (
					"DEBUG=1",
					"$(inherited)",
				);
				GCC_WARN_64_TO_32_BIT_CONVERSION = YES;
				GCC_WARN_ABOUT_RETURN_TYPE = YES_ERROR;
				GCC_WARN_UNDECLARED_SELECTOR = YES;
				GCC_WARN_UNINITIALIZED_AUTOS = YES_AGGRESSIVE;
				GCC_WARN_UNUSED_FUNCTION = YES;
				GCC_WARN_UNUSED_VARIABLE = YES;
				IPHONEOS_DEPLOYMENT_TARGET = 13.5;
				MTL_ENABLE_DEBUG_INFO = INCLUDE_SOURCE;
				MTL_FAST_MATH = YES;
				ONLY_ACTIVE_ARCH = YES;
				SDKROOT = iphoneos;
				SWIFT_ACTIVE_COMPILATION_CONDITIONS = DEBUG;
				SWIFT_OPTIMIZATION_LEVEL = "-Onone";
			};
			name = Debug;
		};
		C2D6AF8224B2988D00813CAD /* Release */ = {
			isa = XCBuildConfiguration;
			buildSettings = {
				ALWAYS_SEARCH_USER_PATHS = NO;
				CLANG_ANALYZER_NONNULL = YES;
				CLANG_ANALYZER_NUMBER_OBJECT_CONVERSION = YES_AGGRESSIVE;
				CLANG_CXX_LANGUAGE_STANDARD = "gnu++14";
				CLANG_CXX_LIBRARY = "libc++";
				CLANG_ENABLE_MODULES = YES;
				CLANG_ENABLE_OBJC_ARC = YES;
				CLANG_ENABLE_OBJC_WEAK = YES;
				CLANG_WARN_BLOCK_CAPTURE_AUTORELEASING = YES;
				CLANG_WARN_BOOL_CONVERSION = YES;
				CLANG_WARN_COMMA = YES;
				CLANG_WARN_CONSTANT_CONVERSION = YES;
				CLANG_WARN_DEPRECATED_OBJC_IMPLEMENTATIONS = YES;
				CLANG_WARN_DIRECT_OBJC_ISA_USAGE = YES_ERROR;
				CLANG_WARN_DOCUMENTATION_COMMENTS = YES;
				CLANG_WARN_EMPTY_BODY = YES;
				CLANG_WARN_ENUM_CONVERSION = YES;
				CLANG_WARN_INFINITE_RECURSION = YES;
				CLANG_WARN_INT_CONVERSION = YES;
				CLANG_WARN_NON_LITERAL_NULL_CONVERSION = YES;
				CLANG_WARN_OBJC_IMPLICIT_RETAIN_SELF = YES;
				CLANG_WARN_OBJC_LITERAL_CONVERSION = YES;
				CLANG_WARN_OBJC_ROOT_CLASS = YES_ERROR;
				CLANG_WARN_RANGE_LOOP_ANALYSIS = YES;
				CLANG_WARN_STRICT_PROTOTYPES = YES;
				CLANG_WARN_SUSPICIOUS_MOVE = YES;
				CLANG_WARN_UNGUARDED_AVAILABILITY = YES_AGGRESSIVE;
				CLANG_WARN_UNREACHABLE_CODE = YES;
				CLANG_WARN__DUPLICATE_METHOD_MATCH = YES;
				COPY_PHASE_STRIP = NO;
				DEBUG_INFORMATION_FORMAT = "dwarf-with-dsym";
				ENABLE_NS_ASSERTIONS = NO;
				ENABLE_STRICT_OBJC_MSGSEND = YES;
				GCC_C_LANGUAGE_STANDARD = gnu11;
				GCC_NO_COMMON_BLOCKS = YES;
				GCC_WARN_64_TO_32_BIT_CONVERSION = YES;
				GCC_WARN_ABOUT_RETURN_TYPE = YES_ERROR;
				GCC_WARN_UNDECLARED_SELECTOR = YES;
				GCC_WARN_UNINITIALIZED_AUTOS = YES_AGGRESSIVE;
				GCC_WARN_UNUSED_FUNCTION = YES;
				GCC_WARN_UNUSED_VARIABLE = YES;
				IPHONEOS_DEPLOYMENT_TARGET = 13.5;
				MTL_ENABLE_DEBUG_INFO = NO;
				MTL_FAST_MATH = YES;
				SDKROOT = iphoneos;
				SWIFT_COMPILATION_MODE = wholemodule;
				SWIFT_OPTIMIZATION_LEVEL = "-O";
				VALIDATE_PRODUCT = YES;
			};
			name = Release;
		};
		C2D6AF8424B2988D00813CAD /* Debug */ = {
			isa = XCBuildConfiguration;
			buildSettings = {
				ASSETCATALOG_COMPILER_APPICON_NAME = AppIcon;
				CODE_SIGN_STYLE = Automatic;
				DEVELOPMENT_TEAM = 8MYCY6WGGY;
				INFOPLIST_FILE = "Harry Potter/Info.plist";
				LD_RUNPATH_SEARCH_PATHS = (
					"$(inherited)",
					"@executable_path/Frameworks",
				);
				PRODUCT_BUNDLE_IDENTIFIER = "com.modhi.Harry-Potter";
				PRODUCT_NAME = "$(TARGET_NAME)";
				SWIFT_VERSION = 5.0;
				TARGETED_DEVICE_FAMILY = "1,2";
			};
			name = Debug;
		};
		C2D6AF8524B2988D00813CAD /* Release */ = {
			isa = XCBuildConfiguration;
			buildSettings = {
				ASSETCATALOG_COMPILER_APPICON_NAME = AppIcon;
				CODE_SIGN_STYLE = Automatic;
				DEVELOPMENT_TEAM = 8MYCY6WGGY;
				INFOPLIST_FILE = "Harry Potter/Info.plist";
				LD_RUNPATH_SEARCH_PATHS = (
					"$(inherited)",
					"@executable_path/Frameworks",
				);
				PRODUCT_BUNDLE_IDENTIFIER = "com.modhi.Harry-Potter";
				PRODUCT_NAME = "$(TARGET_NAME)";
				SWIFT_VERSION = 5.0;
				TARGETED_DEVICE_FAMILY = "1,2";
			};
			name = Release;
		};
/* End XCBuildConfiguration section */

/* Begin XCConfigurationList section */
		C2D6AF6A24B2988700813CAD /* Build configuration list for PBXProject "lllll" */ = {
			isa = XCConfigurationList;
			buildConfigurations = (
				C2D6AF8124B2988D00813CAD /* Debug */,
				C2D6AF8224B2988D00813CAD /* Release */,
			);
			defaultConfigurationIsVisible = 0;
			defaultConfigurationName = Release;
		};
		C2D6AF8324B2988D00813CAD /* Build configuration list for PBXNativeTarget "Harry Potter" */ = {
			isa = XCConfigurationList;
			buildConfigurations = (
				C2D6AF8424B2988D00813CAD /* Debug */,
				C2D6AF8524B2988D00813CAD /* Release */,
			);
			defaultConfigurationIsVisible = 0;
			defaultConfigurationName = Release;
		};
/* End XCConfigurationList section */
	};
	rootObject = C2D6AF6724B2988700813CAD /* Project object */;
}
